
Microsoft Visual Studio Solution File, Format Version 12.00
# Visual Studio Version 17
VisualStudioVersion = 17.1.32210.238
MinimumVisualStudioVersion = 10.0.40219.1
Project("{FAE04EC0-301F-11D3-BF4B-00C04F79EFBC}") = "WpfAppTest", "WpfAppTest.csproj", "{3C6F7651-DDDA-4F11-AB4C-612F8CCEC370}"
EndProject
Global
	GlobalSection(SolutionConfigurationPlatforms) = preSolution
		Debug|Any CPU = Debug|Any CPU
		Release|Any CPU = Release|Any CPU
	EndGlobalSection
	GlobalSection(ProjectConfigurationPlatforms) = postSolution
		{3C6F7651-DDDA-4F11-AB4C-612F8CCEC370}.Debug|Any CPU.ActiveCfg = Debug|Any CPU
		{3C6F7651-DDDA-4F11-AB4C-612F8CCEC370}.Debug|Any CPU.Build.0 = Debug|Any CPU
		{3C6F7651-DDDA-4F11-AB4C-612F8CCEC370}.Release|Any CPU.ActiveCfg = Release|Any CPU
		{3C6F7651-DDDA-4F11-AB4C-612F8CCEC370}.Release|Any CPU.Build.0 = Release|Any CPU
	EndGlobalSection
	GlobalSection(SolutionProperties) = preSolution
		HideSolutionNode = FALSE
	EndGlobalSection
	GlobalSection(ExtensibilityGlobals) = postSolution
		SolutionGuid = {CCF8DB87-5AFA-4797-BA1B-6E0A04707449}
	EndGlobalSection
EndGlobal
